// !$*UTF8*$!
{
	archiveVersion = 1;
	classes = {
	};
	objectVersion = 50;
	objects = {

/* Begin PBXBuildFile section */
		A905986424D5F8D000AD6F9A /* AppDelegate.swift in Sources */ = {isa = PBXBuildFile; fileRef = A905986324D5F8D000AD6F9A /* AppDelegate.swift */; };
		A905986624D5F8D000AD6F9A /* SceneDelegate.swift in Sources */ = {isa = PBXBuildFile; fileRef = A905986524D5F8D000AD6F9A /* SceneDelegate.swift */; };
		A905986824D5F8D000AD6F9A /* ViewController.swift in Sources */ = {isa = PBXBuildFile; fileRef = A905986724D5F8D000AD6F9A /* ViewController.swift */; };
		A905986B24D5F8D000AD6F9A /* Main.storyboard in Resources */ = {isa = PBXBuildFile; fileRef = A905986924D5F8D000AD6F9A /* Main.storyboard */; };
		A905986D24D5F8D900AD6F9A /* Assets.xcassets in Resources */ = {isa = PBXBuildFile; fileRef = A905986C24D5F8D900AD6F9A /* Assets.xcassets */; };
		A905987024D5F8D900AD6F9A /* LaunchScreen.storyboard in Resources */ = {isa = PBXBuildFile; fileRef = A905986E24D5F8D900AD6F9A /* LaunchScreen.storyboard */; };
/* End PBXBuildFile section */

/* Begin PBXFileReference section */
		A905986024D5F8D000AD6F9A /* iOS final project.app */ = {isa = PBXFileReference; explicitFileType = wrapper.application; includeInIndex = 0; path = "iOS final project.app"; sourceTree = BUILT_PRODUCTS_DIR; };
		A905986324D5F8D000AD6F9A /* AppDelegate.swift */ = {isa = PBXFileReference; lastKnownFileType = sourcecode.swift; path = AppDelegate.swift; sourceTree = "<group>"; };
		A905986524D5F8D000AD6F9A /* SceneDelegate.swift */ = {isa = PBXFileReference; lastKnownFileType = sourcecode.swift; path = SceneDelegate.swift; sourceTree = "<group>"; };
		A905986724D5F8D000AD6F9A /* ViewController.swift */ = {isa = PBXFileReference; lastKnownFileType = sourcecode.swift; path = ViewController.swift; sourceTree = "<group>"; };
		A905986A24D5F8D000AD6F9A /* Base */ = {isa = PBXFileReference; lastKnownFileType = file.storyboard; name = Base; path = Base.lproj/Main.storyboard; sourceTree = "<group>"; };
		A905986C24D5F8D900AD6F9A /* Assets.xcassets */ = {isa = PBXFileReference; lastKnownFileType = folder.assetcatalog; path = Assets.xcassets; sourceTree = "<group>"; };
		A905986F24D5F8D900AD6F9A /* Base */ = {isa = PBXFileReference; lastKnownFileType = file.storyboard; name = Base; path = Base.lproj/LaunchScreen.storyboard; sourceTree = "<group>"; };
		A905987124D5F8D900AD6F9A /* Info.plist */ = {isa = PBXFileReference; lastKnownFileType = text.plist.xml; path = Info.plist; sourceTree = "<group>"; };
/* End PBXFileReference section */

/* Begin PBXFrameworksBuildPhase section */
		A905985D24D5F8D000AD6F9A /* Frameworks */ = {
			isa = PBXFrameworksBuildPhase;
			buildActionMask = 2147483647;
			files = (
			);
			runOnlyForDeploymentPostprocessing = 0;
		};
/* End PBXFrameworksBuildPhase section */

/* Begin PBXGroup section */
		A905985724D5F8D000AD6F9A = {
			isa = PBXGroup;
			children = (
				A905986224D5F8D000AD6F9A /* iOS final project */,
				A905986124D5F8D000AD6F9A /* Products */,
			);
			sourceTree = "<group>";
		};
		A905986124D5F8D000AD6F9A /* Products */ = {
			isa = PBXGroup;
			children = (
				A905986024D5F8D000AD6F9A /* iOS final project.app */,
			);
			name = Products;
			sourceTree = "<group>";
		};
		A905986224D5F8D000AD6F9A /* iOS final project */ = {
			isa = PBXGroup;
			children = (
				A905986324D5F8D000AD6F9A /* AppDelegate.swift */,
				A905986524D5F8D000AD6F9A /* SceneDelegate.swift */,
				A905986724D5F8D000AD6F9A /* ViewController.swift */,
				A905986924D5F8D000AD6F9A /* Main.storyboard */,
				A905986C24D5F8D900AD6F9A /* Assets.xcassets */,
				A905986E24D5F8D900AD6F9A /* LaunchScreen.storyboard */,
				A905987124D5F8D900AD6F9A /* Info.plist */,
			);
			path = "iOS final project";
			sourceTree = "<group>";
		};
/* End PBXGroup section */

/* Begin PBXNativeTarget section */
		A905985F24D5F8D000AD6F9A /* iOS final project */ = {
			isa = PBXNativeTarget;
			buildConfigurationList = A905987424D5F8D900AD6F9A /* Build configuration list for PBXNativeTarget "iOS final project" */;
			buildPhases = (
				A905985C24D5F8D000AD6F9A /* Sources */,
				A905985D24D5F8D000AD6F9A /* Frameworks */,
				A905985E24D5F8D000AD6F9A /* Resources */,
			);
			buildRules = (
			);
			dependencies = (
			);
			name = "iOS final project";
			productName = "iOS final project";
			productReference = A905986024D5F8D000AD6F9A /* iOS final project.app */;
			productType = "com.apple.product-type.application";
		};
/* End PBXNativeTarget section */

/* Begin PBXProject section */
		A905985824D5F8D000AD6F9A /* Project object */ = {
			isa = PBXProject;
			attributes = {
				LastSwiftUpdateCheck = 1160;
				LastUpgradeCheck = 1160;
				ORGANIZATIONNAME = "Wesley Monnette";
				TargetAttributes = {
					A905985F24D5F8D000AD6F9A = {
						CreatedOnToolsVersion = 11.6;
					};
				};
			};
			buildConfigurationList = A905985B24D5F8D000AD6F9A /* Build configuration list for PBXProject "iOS final project" */;
			compatibilityVersion = "Xcode 9.3";
			developmentRegion = en;
			hasScannedForEncodings = 0;
			knownRegions = (
				en,
				Base,
			);
			mainGroup = A905985724D5F8D000AD6F9A;
			productRefGroup = A905986124D5F8D000AD6F9A /* Products */;
			projectDirPath = "";
			projectRoot = "";
			targets = (
				A905985F24D5F8D000AD6F9A /* iOS final project */,
			);
		};
/* End PBXProject section */

/* Begin PBXResourcesBuildPhase section */
		A905985E24D5F8D000AD6F9A /* Resources */ = {
			isa = PBXResourcesBuildPhase;
			buildActionMask = 2147483647;
			files = (
				A905987024D5F8D900AD6F9A /* LaunchScreen.storyboard in Resources */,
				A905986D24D5F8D900AD6F9A /* Assets.xcassets in Resources */,
				A905986B24D5F8D000AD6F9A /* Main.storyboard in Resources */,
			);
			runOnlyForDeploymentPostprocessing = 0;
		};
/* End PBXResourcesBuildPhase section */

/* Begin PBXSourcesBuildPhase section */
		A905985C24D5F8D000AD6F9A /* Sources */ = {
			isa = PBXSourcesBuildPhase;
			buildActionMask = 2147483647;
			files = (
				A905986824D5F8D000AD6F9A /* ViewController.swift in Sources */,
				A905986424D5F8D000AD6F9A /* AppDelegate.swift in Sources */,
				A905986624D5F8D000AD6F9A /* SceneDelegate.swift in Sources */,
			);
			runOnlyForDeploymentPostprocessing = 0;
		};
/* End PBXSourcesBuildPhase section */

/* Begin PBXVariantGroup section */
		A905986924D5F8D000AD6F9A /* Main.storyboard */ = {
			isa = PBXVariantGroup;
			children = (
				A905986A24D5F8D000AD6F9A /* Base */,
			);
			name = Main.storyboard;
			sourceTree = "<group>";
		};
		A905986E24D5F8D900AD6F9A /* LaunchScreen.storyboard */ = {
			isa = PBXVariantGroup;
			children = (
				A905986F24D5F8D900AD6F9A /* Base */,
			);
			name = LaunchScreen.storyboard;
			sourceTree = "<group>";
		};
/* End PBXVariantGroup section */

/* Begin XCBuildConfiguration section */
		A905987224D5F8D900AD6F9A /* Debug */ = {
			isa = XCBuildConfiguration;
			buildSettings = {
				ALWAYS_SEARCH_USER_PATHS = NO;
				CLANG_ANALYZER_NONNULL = YES;
				CLANG_ANALYZER_NUMBER_OBJECT_CONVERSION = YES_AGGRESSIVE;
				CLANG_CXX_LANGUAGE_STANDARD = "gnu++14";
				CLANG_CXX_LIBRARY = "libc++";
				CLANG_ENABLE_MODULES = YES;
				CLANG_ENABLE_OBJC_ARC = YES;
				CLANG_ENABLE_OBJC_WEAK = YES;
				CLANG_WARN_BLOCK_CAPTURE_AUTORELEASING = YES;
				CLANG_WARN_BOOL_CONVERSION = YES;
				CLANG_WARN_COMMA = YES;
				CLANG_WARN_CONSTANT_CONVERSION = YES;
				CLANG_WARN_DEPRECATED_OBJC_IMPLEMENTATIONS = YES;
				CLANG_WARN_DIRECT_OBJC_ISA_USAGE = YES_ERROR;
				CLANG_WARN_DOCUMENTATION_COMMENTS = YES;
				CLANG_WARN_EMPTY_BODY = YES;
				CLANG_WARN_ENUM_CONVERSION = YES;
				CLANG_WARN_INFINITE_RECURSION = YES;
				CLANG_WARN_INT_CONVERSION = YES;
				CLANG_WARN_NON_LITERAL_NULL_CONVERSION = YES;
				CLANG_WARN_OBJC_IMPLICIT_RETAIN_SELF = YES;
				CLANG_WARN_OBJC_LITERAL_CONVERSION = YES;
				CLANG_WARN_OBJC_ROOT_CLASS = YES_ERROR;
				CLANG_WARN_RANGE_LOOP_ANALYSIS = YES;
				CLANG_WARN_STRICT_PROTOTYPES = YES;
				CLANG_WARN_SUSPICIOUS_MOVE = YES;
				CLANG_WARN_UNGUARDED_AVAILABILITY = YES_AGGRESSIVE;
				CLANG_WARN_UNREACHABLE_CODE = YES;
				CLANG_WARN__DUPLICATE_METHOD_MATCH = YES;
				COPY_PHASE_STRIP = NO;
				DEBUG_INFORMATION_FORMAT = dwarf;
				ENABLE_STRICT_OBJC_MSGSEND = YES;
				ENABLE_TESTABILITY = YES;
				GCC_C_LANGUAGE_STANDARD = gnu11;
				GCC_DYNAMIC_NO_PIC = NO;
				GCC_NO_COMMON_BLOCKS = YES;
				GCC_OPTIMIZATION_LEVEL = 0;
				GCC_PREPROCESSOR_DEFINITIONS = (
					"DEBUG=1",
					"$(inherited)",
				);
				GCC_WARN_64_TO_32_BIT_CONVERSION = YES;
				GCC_WARN_ABOUT_RETURN_TYPE = YES_ERROR;
				GCC_WARN_UNDECLARED_SELECTOR = YES;
				GCC_WARN_UNINITIALIZED_AUTOS = YES_AGGRESSIVE;
				GCC_WARN_UNUSED_FUNCTION = YES;
				GCC_WARN_UNUSED_VARIABLE = YES;
				IPHONEOS_DEPLOYMENT_TARGET = 13.6;
				MTL_ENABLE_DEBUG_INFO = INCLUDE_SOURCE;
				MTL_FAST_MATH = YES;
				ONLY_ACTIVE_ARCH = YES;
				SDKROOT = iphoneos;
				SWIFT_ACTIVE_COMPILATION_CONDITIONS = DEBUG;
				SWIFT_OPTIMIZATION_LEVEL = "-Onone";
			};
			name = Debug;
		};
		A905987324D5F8D900AD6F9A /* Release */ = {
			isa = XCBuildConfiguration;
			buildSettings = {
				ALWAYS_SEARCH_USER_PATHS = NO;
				CLANG_ANALYZER_NONNULL = YES;
				CLANG_ANALYZER_NUMBER_OBJECT_CONVERSION = YES_AGGRESSIVE;
				CLANG_CXX_LANGUAGE_STANDARD = "gnu++14";
				CLANG_CXX_LIBRARY = "libc++";
				CLANG_ENABLE_MODULES = YES;
				CLANG_ENABLE_OBJC_ARC = YES;
				CLANG_ENABLE_OBJC_WEAK = YES;
				CLANG_WARN_BLOCK_CAPTURE_AUTORELEASING = YES;
				CLANG_WARN_BOOL_CONVERSION = YES;
				CLANG_WARN_COMMA = YES;
				CLANG_WARN_CONSTANT_CONVERSION = YES;
				CLANG_WARN_DEPRECATED_OBJC_IMPLEMENTATIONS = YES;
				CLANG_WARN_DIRECT_OBJC_ISA_USAGE = YES_ERROR;
				CLANG_WARN_DOCUMENTATION_COMMENTS = YES;
				CLANG_WARN_EMPTY_BODY = YES;
				CLANG_WARN_ENUM_CONVERSION = YES;
				CLANG_WARN_INFINITE_RECURSION = YES;
				CLANG_WARN_INT_CONVERSION = YES;
				CLANG_WARN_NON_LITERAL_NULL_CONVERSION = YES;
				CLANG_WARN_OBJC_IMPLICIT_RETAIN_SELF = YES;
				CLANG_WARN_OBJC_LITERAL_CONVERSION = YES;
				CLANG_WARN_OBJC_ROOT_CLASS = YES_ERROR;
				CLANG_WARN_RANGE_LOOP_ANALYSIS = YES;
				CLANG_WARN_STRICT_PROTOTYPES = YES;
				CLANG_WARN_SUSPICIOUS_MOVE = YES;
				CLANG_WARN_UNGUARDED_AVAILABILITY = YES_AGGRESSIVE;
				CLANG_WARN_UNREACHABLE_CODE = YES;
				CLANG_WARN__DUPLICATE_METHOD_MATCH = YES;
				COPY_PHASE_STRIP = NO;
				DEBUG_INFORMATION_FORMAT = "dwarf-with-dsym";
				ENABLE_NS_ASSERTIONS = NO;
				ENABLE_STRICT_OBJC_MSGSEND = YES;
				GCC_C_LANGUAGE_STANDARD = gnu11;
				GCC_NO_COMMON_BLOCKS = YES;
				GCC_WARN_64_TO_32_BIT_CONVERSION = YES;
				GCC_WARN_ABOUT_RETURN_TYPE = YES_ERROR;
				GCC_WARN_UNDECLARED_SELECTOR = YES;
				GCC_WARN_UNINITIALIZED_AUTOS = YES_AGGRESSIVE;
				GCC_WARN_UNUSED_FUNCTION = YES;
				GCC_WARN_UNUSED_VARIABLE = YES;
				IPHONEOS_DEPLOYMENT_TARGET = 13.6;
				MTL_ENABLE_DEBUG_INFO = NO;
				MTL_FAST_MATH = YES;
				SDKROOT = iphoneos;
				SWIFT_COMPILATION_MODE = wholemodule;
				SWIFT_OPTIMIZATION_LEVEL = "-O";
				VALIDATE_PRODUCT = YES;
			};
			name = Release;
		};
		A905987524D5F8D900AD6F9A /* Debug */ = {
			isa = XCBuildConfiguration;
			buildSettings = {
				ASSETCATALOG_COMPILER_APPICON_NAME = AppIcon;
				CODE_SIGN_STYLE = Automatic;
				INFOPLIST_FILE = "iOS final project/Info.plist";
				IPHONEOS_DEPLOYMENT_TARGET = 11.3;
				LD_RUNPATH_SEARCH_PATHS = (
					"$(inherited)",
					"@executable_path/Frameworks",
				);
				PRODUCT_BUNDLE_IDENTIFIER = "com.auburn.iOSdev.iOS-final-project";
				PRODUCT_NAME = "$(TARGET_NAME)";
				SWIFT_VERSION = 5.0;
				TARGETED_DEVICE_FAMILY = "1,2";
			};
			name = Debug;
		};
		A905987624D5F8D900AD6F9A /* Release */ = {
			isa = XCBuildConfiguration;
			buildSettings = {
				ASSETCATALOG_COMPILER_APPICON_NAME = AppIcon;
				CODE_SIGN_STYLE = Automatic;
				INFOPLIST_FILE = "iOS final project/Info.plist";
				IPHONEOS_DEPLOYMENT_TARGET = 11.3;
				LD_RUNPATH_SEARCH_PATHS = (
					"$(inherited)",
					"@executable_path/Frameworks",
				);
				PRODUCT_BUNDLE_IDENTIFIER = "com.auburn.iOSdev.iOS-final-project";
				PRODUCT_NAME = "$(TARGET_NAME)";
				SWIFT_VERSION = 5.0;
				TARGETED_DEVICE_FAMILY = "1,2";
			};
			name = Release;
		};
/* End XCBuildConfiguration section */

/* Begin XCConfigurationList section */
		A905985B24D5F8D000AD6F9A /* Build configuration list for PBXProject "iOS final project" */ = {
			isa = XCConfigurationList;
			buildConfigurations = (
				A905987224D5F8D900AD6F9A /* Debug */,
				A905987324D5F8D900AD6F9A /* Release */,
			);
			defaultConfigurationIsVisible = 0;
			defaultConfigurationName = Release;
		};
		A905987424D5F8D900AD6F9A /* Build configuration list for PBXNativeTarget "iOS final project" */ = {
			isa = XCConfigurationList;
			buildConfigurations = (
				A905987524D5F8D900AD6F9A /* Debug */,
				A905987624D5F8D900AD6F9A /* Release */,
			);
			defaultConfigurationIsVisible = 0;
			defaultConfigurationName = Release;
		};
/* End XCConfigurationList section */
	};
	rootObject = A905985824D5F8D000AD6F9A /* Project object */;
}
