// !$*UTF8*$!
{
	archiveVersion = 1;
	classes = {
	};
	objectVersion = 50;
	objects = {

/* Begin PBXBuildFile section */
		A9E53447249FDE7300E2057F /* AppDelegate.swift in Sources */ = {isa = PBXBuildFile; fileRef = A9E53446249FDE7300E2057F /* AppDelegate.swift */; };
		A9E53449249FDE7300E2057F /* SceneDelegate.swift in Sources */ = {isa = PBXBuildFile; fileRef = A9E53448249FDE7300E2057F /* SceneDelegate.swift */; };
		A9E5344B249FDE7300E2057F /* ViewController.swift in Sources */ = {isa = PBXBuildFile; fileRef = A9E5344A249FDE7300E2057F /* ViewController.swift */; };
		A9E5344E249FDE7300E2057F /* Main.storyboard in Resources */ = {isa = PBXBuildFile; fileRef = A9E5344C249FDE7300E2057F /* Main.storyboard */; };
		A9E53450249FDE7D00E2057F /* Assets.xcassets in Resources */ = {isa = PBXBuildFile; fileRef = A9E5344F249FDE7D00E2057F /* Assets.xcassets */; };
		A9E53453249FDE7D00E2057F /* LaunchScreen.storyboard in Resources */ = {isa = PBXBuildFile; fileRef = A9E53451249FDE7D00E2057F /* LaunchScreen.storyboard */; };
/* End PBXBuildFile section */

/* Begin PBXFileReference section */
		A9E53443249FDE7300E2057F /* wjm0017_lab2a.app */ = {isa = PBXFileReference; explicitFileType = wrapper.application; includeInIndex = 0; path = wjm0017_lab2a.app; sourceTree = BUILT_PRODUCTS_DIR; };
		A9E53446249FDE7300E2057F /* AppDelegate.swift */ = {isa = PBXFileReference; lastKnownFileType = sourcecode.swift; path = AppDelegate.swift; sourceTree = "<group>"; };
		A9E53448249FDE7300E2057F /* SceneDelegate.swift */ = {isa = PBXFileReference; lastKnownFileType = sourcecode.swift; path = SceneDelegate.swift; sourceTree = "<group>"; };
		A9E5344A249FDE7300E2057F /* ViewController.swift */ = {isa = PBXFileReference; lastKnownFileType = sourcecode.swift; path = ViewController.swift; sourceTree = "<group>"; };
		A9E5344D249FDE7300E2057F /* Base */ = {isa = PBXFileReference; lastKnownFileType = file.storyboard; name = Base; path = Base.lproj/Main.storyboard; sourceTree = "<group>"; };
		A9E5344F249FDE7D00E2057F /* Assets.xcassets */ = {isa = PBXFileReference; lastKnownFileType = folder.assetcatalog; path = Assets.xcassets; sourceTree = "<group>"; };
		A9E53452249FDE7D00E2057F /* Base */ = {isa = PBXFileReference; lastKnownFileType = file.storyboard; name = Base; path = Base.lproj/LaunchScreen.storyboard; sourceTree = "<group>"; };
		A9E53454249FDE7D00E2057F /* Info.plist */ = {isa = PBXFileReference; lastKnownFileType = text.plist.xml; path = Info.plist; sourceTree = "<group>"; };
/* End PBXFileReference section */

/* Begin PBXFrameworksBuildPhase section */
		A9E53440249FDE7300E2057F /* Frameworks */ = {
			isa = PBXFrameworksBuildPhase;
			buildActionMask = 2147483647;
			files = (
			);
			runOnlyForDeploymentPostprocessing = 0;
		};
/* End PBXFrameworksBuildPhase section */

/* Begin PBXGroup section */
		A9E5343A249FDE7300E2057F = {
			isa = PBXGroup;
			children = (
				A9E53445249FDE7300E2057F /* wjm0017_lab2a */,
				A9E53444249FDE7300E2057F /* Products */,
			);
			sourceTree = "<group>";
		};
		A9E53444249FDE7300E2057F /* Products */ = {
			isa = PBXGroup;
			children = (
				A9E53443249FDE7300E2057F /* wjm0017_lab2a.app */,
			);
			name = Products;
			sourceTree = "<group>";
		};
		A9E53445249FDE7300E2057F /* wjm0017_lab2a */ = {
			isa = PBXGroup;
			children = (
				A9E53446249FDE7300E2057F /* AppDelegate.swift */,
				A9E53448249FDE7300E2057F /* SceneDelegate.swift */,
				A9E5344A249FDE7300E2057F /* ViewController.swift */,
				A9E5344C249FDE7300E2057F /* Main.storyboard */,
				A9E5344F249FDE7D00E2057F /* Assets.xcassets */,
				A9E53451249FDE7D00E2057F /* LaunchScreen.storyboard */,
				A9E53454249FDE7D00E2057F /* Info.plist */,
			);
			path = wjm0017_lab2a;
			sourceTree = "<group>";
		};
/* End PBXGroup section */

/* Begin PBXNativeTarget section */
		A9E53442249FDE7300E2057F /* wjm0017_lab2a */ = {
			isa = PBXNativeTarget;
			buildConfigurationList = A9E53457249FDE7D00E2057F /* Build configuration list for PBXNativeTarget "wjm0017_lab2a" */;
			buildPhases = (
				A9E5343F249FDE7300E2057F /* Sources */,
				A9E53440249FDE7300E2057F /* Frameworks */,
				A9E53441249FDE7300E2057F /* Resources */,
			);
			buildRules = (
			);
			dependencies = (
			);
			name = wjm0017_lab2a;
			productName = wjm0017_lab2a;
			productReference = A9E53443249FDE7300E2057F /* wjm0017_lab2a.app */;
			productType = "com.apple.product-type.application";
		};
/* End PBXNativeTarget section */

/* Begin PBXProject section */
		A9E5343B249FDE7300E2057F /* Project object */ = {
			isa = PBXProject;
			attributes = {
				LastSwiftUpdateCheck = 1150;
				LastUpgradeCheck = 1150;
				ORGANIZATIONNAME = "Wesley Monnette";
				TargetAttributes = {
					A9E53442249FDE7300E2057F = {
						CreatedOnToolsVersion = 11.5;
					};
				};
			};
			buildConfigurationList = A9E5343E249FDE7300E2057F /* Build configuration list for PBXProject "wjm0017_lab2a" */;
			compatibilityVersion = "Xcode 9.3";
			developmentRegion = en;
			hasScannedForEncodings = 0;
			knownRegions = (
				en,
				Base,
			);
			mainGroup = A9E5343A249FDE7300E2057F;
			productRefGroup = A9E53444249FDE7300E2057F /* Products */;
			projectDirPath = "";
			projectRoot = "";
			targets = (
				A9E53442249FDE7300E2057F /* wjm0017_lab2a */,
			);
		};
/* End PBXProject section */

/* Begin PBXResourcesBuildPhase section */
		A9E53441249FDE7300E2057F /* Resources */ = {
			isa = PBXResourcesBuildPhase;
			buildActionMask = 2147483647;
			files = (
				A9E53453249FDE7D00E2057F /* LaunchScreen.storyboard in Resources */,
				A9E53450249FDE7D00E2057F /* Assets.xcassets in Resources */,
				A9E5344E249FDE7300E2057F /* Main.storyboard in Resources */,
			);
			runOnlyForDeploymentPostprocessing = 0;
		};
/* End PBXResourcesBuildPhase section */

/* Begin PBXSourcesBuildPhase section */
		A9E5343F249FDE7300E2057F /* Sources */ = {
			isa = PBXSourcesBuildPhase;
			buildActionMask = 2147483647;
			files = (
				A9E5344B249FDE7300E2057F /* ViewController.swift in Sources */,
				A9E53447249FDE7300E2057F /* AppDelegate.swift in Sources */,
				A9E53449249FDE7300E2057F /* SceneDelegate.swift in Sources */,
			);
			runOnlyForDeploymentPostprocessing = 0;
		};
/* End PBXSourcesBuildPhase section */

/* Begin PBXVariantGroup section */
		A9E5344C249FDE7300E2057F /* Main.storyboard */ = {
			isa = PBXVariantGroup;
			children = (
				A9E5344D249FDE7300E2057F /* Base */,
			);
			name = Main.storyboard;
			sourceTree = "<group>";
		};
		A9E53451249FDE7D00E2057F /* LaunchScreen.storyboard */ = {
			isa = PBXVariantGroup;
			children = (
				A9E53452249FDE7D00E2057F /* Base */,
			);
			name = LaunchScreen.storyboard;
			sourceTree = "<group>";
		};
/* End PBXVariantGroup section */

/* Begin XCBuildConfiguration section */
		A9E53455249FDE7D00E2057F /* Debug */ = {
			isa = XCBuildConfiguration;
			buildSettings = {
				ALWAYS_SEARCH_USER_PATHS = NO;
				CLANG_ANALYZER_NONNULL = YES;
				CLANG_ANALYZER_NUMBER_OBJECT_CONVERSION = YES_AGGRESSIVE;
				CLANG_CXX_LANGUAGE_STANDARD = "gnu++14";
				CLANG_CXX_LIBRARY = "libc++";
				CLANG_ENABLE_MODULES = YES;
				CLANG_ENABLE_OBJC_ARC = YES;
				CLANG_ENABLE_OBJC_WEAK = YES;
				CLANG_WARN_BLOCK_CAPTURE_AUTORELEASING = YES;
				CLANG_WARN_BOOL_CONVERSION = YES;
				CLANG_WARN_COMMA = YES;
				CLANG_WARN_CONSTANT_CONVERSION = YES;
				CLANG_WARN_DEPRECATED_OBJC_IMPLEMENTATIONS = YES;
				CLANG_WARN_DIRECT_OBJC_ISA_USAGE = YES_ERROR;
				CLANG_WARN_DOCUMENTATION_COMMENTS = YES;
				CLANG_WARN_EMPTY_BODY = YES;
				CLANG_WARN_ENUM_CONVERSION = YES;
				CLANG_WARN_INFINITE_RECURSION = YES;
				CLANG_WARN_INT_CONVERSION = YES;
				CLANG_WARN_NON_LITERAL_NULL_CONVERSION = YES;
				CLANG_WARN_OBJC_IMPLICIT_RETAIN_SELF = YES;
				CLANG_WARN_OBJC_LITERAL_CONVERSION = YES;
				CLANG_WARN_OBJC_ROOT_CLASS = YES_ERROR;
				CLANG_WARN_RANGE_LOOP_ANALYSIS = YES;
				CLANG_WARN_STRICT_PROTOTYPES = YES;
				CLANG_WARN_SUSPICIOUS_MOVE = YES;
				CLANG_WARN_UNGUARDED_AVAILABILITY = YES_AGGRESSIVE;
				CLANG_WARN_UNREACHABLE_CODE = YES;
				CLANG_WARN__DUPLICATE_METHOD_MATCH = YES;
				COPY_PHASE_STRIP = NO;
				DEBUG_INFORMATION_FORMAT = dwarf;
				ENABLE_STRICT_OBJC_MSGSEND = YES;
				ENABLE_TESTABILITY = YES;
				GCC_C_LANGUAGE_STANDARD = gnu11;
				GCC_DYNAMIC_NO_PIC = NO;
				GCC_NO_COMMON_BLOCKS = YES;
				GCC_OPTIMIZATION_LEVEL = 0;
				GCC_PREPROCESSOR_DEFINITIONS = (
					"DEBUG=1",
					"$(inherited)",
				);
				GCC_WARN_64_TO_32_BIT_CONVERSION = YES;
				GCC_WARN_ABOUT_RETURN_TYPE = YES_ERROR;
				GCC_WARN_UNDECLARED_SELECTOR = YES;
				GCC_WARN_UNINITIALIZED_AUTOS = YES_AGGRESSIVE;
				GCC_WARN_UNUSED_FUNCTION = YES;
				GCC_WARN_UNUSED_VARIABLE = YES;
				IPHONEOS_DEPLOYMENT_TARGET = 13.5;
				MTL_ENABLE_DEBUG_INFO = INCLUDE_SOURCE;
				MTL_FAST_MATH = YES;
				ONLY_ACTIVE_ARCH = YES;
				SDKROOT = iphoneos;
				SWIFT_ACTIVE_COMPILATION_CONDITIONS = DEBUG;
				SWIFT_OPTIMIZATION_LEVEL = "-Onone";
			};
			name = Debug;
		};
		A9E53456249FDE7D00E2057F /* Release */ = {
			isa = XCBuildConfiguration;
			buildSettings = {
				ALWAYS_SEARCH_USER_PATHS = NO;
				CLANG_ANALYZER_NONNULL = YES;
				CLANG_ANALYZER_NUMBER_OBJECT_CONVERSION = YES_AGGRESSIVE;
				CLANG_CXX_LANGUAGE_STANDARD = "gnu++14";
				CLANG_CXX_LIBRARY = "libc++";
				CLANG_ENABLE_MODULES = YES;
				CLANG_ENABLE_OBJC_ARC = YES;
				CLANG_ENABLE_OBJC_WEAK = YES;
				CLANG_WARN_BLOCK_CAPTURE_AUTORELEASING = YES;
				CLANG_WARN_BOOL_CONVERSION = YES;
				CLANG_WARN_COMMA = YES;
				CLANG_WARN_CONSTANT_CONVERSION = YES;
				CLANG_WARN_DEPRECATED_OBJC_IMPLEMENTATIONS = YES;
				CLANG_WARN_DIRECT_OBJC_ISA_USAGE = YES_ERROR;
				CLANG_WARN_DOCUMENTATION_COMMENTS = YES;
				CLANG_WARN_EMPTY_BODY = YES;
				CLANG_WARN_ENUM_CONVERSION = YES;
				CLANG_WARN_INFINITE_RECURSION = YES;
				CLANG_WARN_INT_CONVERSION = YES;
				CLANG_WARN_NON_LITERAL_NULL_CONVERSION = YES;
				CLANG_WARN_OBJC_IMPLICIT_RETAIN_SELF = YES;
				CLANG_WARN_OBJC_LITERAL_CONVERSION = YES;
				CLANG_WARN_OBJC_ROOT_CLASS = YES_ERROR;
				CLANG_WARN_RANGE_LOOP_ANALYSIS = YES;
				CLANG_WARN_STRICT_PROTOTYPES = YES;
				CLANG_WARN_SUSPICIOUS_MOVE = YES;
				CLANG_WARN_UNGUARDED_AVAILABILITY = YES_AGGRESSIVE;
				CLANG_WARN_UNREACHABLE_CODE = YES;
				CLANG_WARN__DUPLICATE_METHOD_MATCH = YES;
				COPY_PHASE_STRIP = NO;
				DEBUG_INFORMATION_FORMAT = "dwarf-with-dsym";
				ENABLE_NS_ASSERTIONS = NO;
				ENABLE_STRICT_OBJC_MSGSEND = YES;
				GCC_C_LANGUAGE_STANDARD = gnu11;
				GCC_NO_COMMON_BLOCKS = YES;
				GCC_WARN_64_TO_32_BIT_CONVERSION = YES;
				GCC_WARN_ABOUT_RETURN_TYPE = YES_ERROR;
				GCC_WARN_UNDECLARED_SELECTOR = YES;
				GCC_WARN_UNINITIALIZED_AUTOS = YES_AGGRESSIVE;
				GCC_WARN_UNUSED_FUNCTION = YES;
				GCC_WARN_UNUSED_VARIABLE = YES;
				IPHONEOS_DEPLOYMENT_TARGET = 13.5;
				MTL_ENABLE_DEBUG_INFO = NO;
				MTL_FAST_MATH = YES;
				SDKROOT = iphoneos;
				SWIFT_COMPILATION_MODE = wholemodule;
				SWIFT_OPTIMIZATION_LEVEL = "-O";
				VALIDATE_PRODUCT = YES;
			};
			name = Release;
		};
		A9E53458249FDE7D00E2057F /* Debug */ = {
			isa = XCBuildConfiguration;
			buildSettings = {
				ASSETCATALOG_COMPILER_APPICON_NAME = AppIcon;
				CODE_SIGN_STYLE = Automatic;
				INFOPLIST_FILE = wjm0017_lab2a/Info.plist;
				IPHONEOS_DEPLOYMENT_TARGET = 11.3;
				LD_RUNPATH_SEARCH_PATHS = (
					"$(inherited)",
					"@executable_path/Frameworks",
				);
				PRODUCT_BUNDLE_IDENTIFIER = "com.auburn.iOSdev.wjm0017-lab2a";
				PRODUCT_NAME = "$(TARGET_NAME)";
				SWIFT_VERSION = 5.0;
				TARGETED_DEVICE_FAMILY = "1,2";
			};
			name = Debug;
		};
		A9E53459249FDE7D00E2057F /* Release */ = {
			isa = XCBuildConfiguration;
			buildSettings = {
				ASSETCATALOG_COMPILER_APPICON_NAME = AppIcon;
				CODE_SIGN_STYLE = Automatic;
				INFOPLIST_FILE = wjm0017_lab2a/Info.plist;
				IPHONEOS_DEPLOYMENT_TARGET = 11.3;
				LD_RUNPATH_SEARCH_PATHS = (
					"$(inherited)",
					"@executable_path/Frameworks",
				);
				PRODUCT_BUNDLE_IDENTIFIER = "com.auburn.iOSdev.wjm0017-lab2a";
				PRODUCT_NAME = "$(TARGET_NAME)";
				SWIFT_VERSION = 5.0;
				TARGETED_DEVICE_FAMILY = "1,2";
			};
			name = Release;
		};
/* End XCBuildConfiguration section */

/* Begin XCConfigurationList section */
		A9E5343E249FDE7300E2057F /* Build configuration list for PBXProject "wjm0017_lab2a" */ = {
			isa = XCConfigurationList;
			buildConfigurations = (
				A9E53455249FDE7D00E2057F /* Debug */,
				A9E53456249FDE7D00E2057F /* Release */,
			);
			defaultConfigurationIsVisible = 0;
			defaultConfigurationName = Release;
		};
		A9E53457249FDE7D00E2057F /* Build configuration list for PBXNativeTarget "wjm0017_lab2a" */ = {
			isa = XCConfigurationList;
			buildConfigurations = (
				A9E53458249FDE7D00E2057F /* Debug */,
				A9E53459249FDE7D00E2057F /* Release */,
			);
			defaultConfigurationIsVisible = 0;
			defaultConfigurationName = Release;
		};
/* End XCConfigurationList section */
	};
	rootObject = A9E5343B249FDE7300E2057F /* Project object */;
}
